
Microsoft Visual Studio Solution File, Format Version 12.00
# Visual Studio 15
VisualStudioVersion = 15.0.28307.1022
MinimumVisualStudioVersion = 10.0.40219.1
Project("{FAE04EC0-301F-11D3-BF4B-00C04F79EFBC}") = "starlinktaxi", "starlinktaxi\starlinktaxi.csproj", "{70D7E5D0-F031-486E-B0A9-54C5F6C085DD}"
EndProject
Global
	GlobalSection(SolutionConfigurationPlatforms) = preSolution
		Debug|Any CPU = Debug|Any CPU
		Release|Any CPU = Release|Any CPU
	EndGlobalSection
	GlobalSection(ProjectConfigurationPlatforms) = postSolution
		{70D7E5D0-F031-486E-B0A9-54C5F6C085DD}.Debug|Any CPU.ActiveCfg = Debug|Any CPU
		{70D7E5D0-F031-486E-B0A9-54C5F6C085DD}.Debug|Any CPU.Build.0 = Debug|Any CPU
		{70D7E5D0-F031-486E-B0A9-54C5F6C085DD}.Release|Any CPU.ActiveCfg = Release|Any CPU
		{70D7E5D0-F031-486E-B0A9-54C5F6C085DD}.Release|Any CPU.Build.0 = Release|Any CPU
	EndGlobalSection
	GlobalSection(SolutionProperties) = preSolution
		HideSolutionNode = FALSE
	EndGlobalSection
	GlobalSection(ExtensibilityGlobals) = postSolution
		SolutionGuid = {E1384C74-787F-4C4F-97D6-1EA61B497409}
	EndGlobalSection
EndGlobal
